// !$*UTF8*$!
{
	archiveVersion = 1;
	classes = {
	};
	objectVersion = 50;
	objects = {

/* Begin PBXBuildFile section */
		CD3E208E219E56430074E1EC /* AppDelegate.swift in Sources */ = {isa = PBXBuildFile; fileRef = CD3E208D219E56430074E1EC /* AppDelegate.swift */; };
		CD3E2090219E56430074E1EC /* ViewController.swift in Sources */ = {isa = PBXBuildFile; fileRef = CD3E208F219E56430074E1EC /* ViewController.swift */; };
		CD3E2093219E56430074E1EC /* Main.storyboard in Resources */ = {isa = PBXBuildFile; fileRef = CD3E2091219E56430074E1EC /* Main.storyboard */; };
		CD3E2095219E56450074E1EC /* Assets.xcassets in Resources */ = {isa = PBXBuildFile; fileRef = CD3E2094219E56450074E1EC /* Assets.xcassets */; };
		CD3E2098219E56450074E1EC /* LaunchScreen.storyboard in Resources */ = {isa = PBXBuildFile; fileRef = CD3E2096219E56450074E1EC /* LaunchScreen.storyboard */; };
		CD73C03D21A11FA600C58BDB /* FeatureCollectionView.swift in Sources */ = {isa = PBXBuildFile; fileRef = CD73C03C21A11FA600C58BDB /* FeatureCollectionView.swift */; };
		CD73C03F21A11FBA00C58BDB /* FeatureCollectionViewCell.xib in Resources */ = {isa = PBXBuildFile; fileRef = CD73C03E21A11FBA00C58BDB /* FeatureCollectionViewCell.xib */; };
		CD73C04221A1217900C58BDB /* UICollectionViewExtensions.swift in Sources */ = {isa = PBXBuildFile; fileRef = CD73C04121A1217900C58BDB /* UICollectionViewExtensions.swift */; };
		CD73C04421A121CA00C58BDB /* FeatureCollectionViewCell.swift in Sources */ = {isa = PBXBuildFile; fileRef = CD73C04321A121CA00C58BDB /* FeatureCollectionViewCell.swift */; };
		CDB701E621A05B81005E36C6 /* DashView.swift in Sources */ = {isa = PBXBuildFile; fileRef = CDB701E521A05B81005E36C6 /* DashView.swift */; };
/* End PBXBuildFile section */

/* Begin PBXFileReference section */
		CD3E208A219E56430074E1EC /* Manage Myself.app */ = {isa = PBXFileReference; explicitFileType = wrapper.application; includeInIndex = 0; path = "Manage Myself.app"; sourceTree = BUILT_PRODUCTS_DIR; };
		CD3E208D219E56430074E1EC /* AppDelegate.swift */ = {isa = PBXFileReference; lastKnownFileType = sourcecode.swift; path = AppDelegate.swift; sourceTree = "<group>"; };
		CD3E208F219E56430074E1EC /* ViewController.swift */ = {isa = PBXFileReference; lastKnownFileType = sourcecode.swift; path = ViewController.swift; sourceTree = "<group>"; };
		CD3E2092219E56430074E1EC /* Base */ = {isa = PBXFileReference; lastKnownFileType = file.storyboard; name = Base; path = Base.lproj/Main.storyboard; sourceTree = "<group>"; };
		CD3E2094219E56450074E1EC /* Assets.xcassets */ = {isa = PBXFileReference; lastKnownFileType = folder.assetcatalog; path = Assets.xcassets; sourceTree = "<group>"; };
		CD3E2097219E56450074E1EC /* Base */ = {isa = PBXFileReference; lastKnownFileType = file.storyboard; name = Base; path = Base.lproj/LaunchScreen.storyboard; sourceTree = "<group>"; };
		CD3E2099219E56450074E1EC /* Info.plist */ = {isa = PBXFileReference; lastKnownFileType = text.plist.xml; path = Info.plist; sourceTree = "<group>"; };
		CD73C03C21A11FA600C58BDB /* FeatureCollectionView.swift */ = {isa = PBXFileReference; lastKnownFileType = sourcecode.swift; path = FeatureCollectionView.swift; sourceTree = "<group>"; };
		CD73C03E21A11FBA00C58BDB /* FeatureCollectionViewCell.xib */ = {isa = PBXFileReference; lastKnownFileType = file.xib; path = FeatureCollectionViewCell.xib; sourceTree = "<group>"; };
		CD73C04121A1217900C58BDB /* UICollectionViewExtensions.swift */ = {isa = PBXFileReference; lastKnownFileType = sourcecode.swift; path = UICollectionViewExtensions.swift; sourceTree = "<group>"; };
		CD73C04321A121CA00C58BDB /* FeatureCollectionViewCell.swift */ = {isa = PBXFileReference; lastKnownFileType = sourcecode.swift; path = FeatureCollectionViewCell.swift; sourceTree = "<group>"; };
		CDB701E521A05B81005E36C6 /* DashView.swift */ = {isa = PBXFileReference; lastKnownFileType = sourcecode.swift; path = DashView.swift; sourceTree = "<group>"; };
/* End PBXFileReference section */

/* Begin PBXFrameworksBuildPhase section */
		CD3E2087219E56430074E1EC /* Frameworks */ = {
			isa = PBXFrameworksBuildPhase;
			buildActionMask = 2147483647;
			files = (
			);
			runOnlyForDeploymentPostprocessing = 0;
		};
/* End PBXFrameworksBuildPhase section */

/* Begin PBXGroup section */
		CD3E2081219E56430074E1EC = {
			isa = PBXGroup;
			children = (
				CD3E208C219E56430074E1EC /* Manage Myself */,
				CD3E208B219E56430074E1EC /* Products */,
			);
			sourceTree = "<group>";
		};
		CD3E208B219E56430074E1EC /* Products */ = {
			isa = PBXGroup;
			children = (
				CD3E208A219E56430074E1EC /* Manage Myself.app */,
			);
			name = Products;
			sourceTree = "<group>";
		};
		CD3E208C219E56430074E1EC /* Manage Myself */ = {
			isa = PBXGroup;
			children = (
				CD73C04021A1216800C58BDB /* Extensions */,
				CDB701E321A05A5B005E36C6 /* Resources */,
				CDB701E221A05A54005E36C6 /* Commons */,
				CDB701E021A05A42005E36C6 /* Features */,
			);
			path = "Manage Myself";
			sourceTree = "<group>";
		};
		CD73C04021A1216800C58BDB /* Extensions */ = {
			isa = PBXGroup;
			children = (
				CD73C04121A1217900C58BDB /* UICollectionViewExtensions.swift */,
			);
			path = Extensions;
			sourceTree = "<group>";
		};
		CDB701E021A05A42005E36C6 /* Features */ = {
			isa = PBXGroup;
			children = (
				CDB701E121A05A4F005E36C6 /* Home */,
			);
			path = Features;
			sourceTree = "<group>";
		};
		CDB701E121A05A4F005E36C6 /* Home */ = {
			isa = PBXGroup;
			children = (
				CD3E208F219E56430074E1EC /* ViewController.swift */,
				CD73C03C21A11FA600C58BDB /* FeatureCollectionView.swift */,
				CD73C03E21A11FBA00C58BDB /* FeatureCollectionViewCell.xib */,
				CD73C04321A121CA00C58BDB /* FeatureCollectionViewCell.swift */,
			);
			path = Home;
			sourceTree = "<group>";
		};
		CDB701E221A05A54005E36C6 /* Commons */ = {
			isa = PBXGroup;
			children = (
				CDB701E521A05B81005E36C6 /* DashView.swift */,
			);
			path = Commons;
			sourceTree = "<group>";
		};
		CDB701E321A05A5B005E36C6 /* Resources */ = {
			isa = PBXGroup;
			children = (
				CD3E2099219E56450074E1EC /* Info.plist */,
				CD3E2091219E56430074E1EC /* Main.storyboard */,
				CD3E2096219E56450074E1EC /* LaunchScreen.storyboard */,
				CD3E208D219E56430074E1EC /* AppDelegate.swift */,
				CD3E2094219E56450074E1EC /* Assets.xcassets */,
			);
			path = Resources;
			sourceTree = "<group>";
		};
/* End PBXGroup section */

/* Begin PBXNativeTarget section */
		CD3E2089219E56430074E1EC /* Manage Myself */ = {
			isa = PBXNativeTarget;
			buildConfigurationList = CD3E209C219E56450074E1EC /* Build configuration list for PBXNativeTarget "Manage Myself" */;
			buildPhases = (
				CD3E2086219E56430074E1EC /* Sources */,
				CD3E2087219E56430074E1EC /* Frameworks */,
				CD3E2088219E56430074E1EC /* Resources */,
			);
			buildRules = (
			);
			dependencies = (
			);
			name = "Manage Myself";
			productName = "Manage Myself";
			productReference = CD3E208A219E56430074E1EC /* Manage Myself.app */;
			productType = "com.apple.product-type.application";
		};
/* End PBXNativeTarget section */

/* Begin PBXProject section */
		CD3E2082219E56430074E1EC /* Project object */ = {
			isa = PBXProject;
			attributes = {
				LastSwiftUpdateCheck = 1010;
				LastUpgradeCheck = 1010;
				ORGANIZATIONNAME = "Luu Dinh Van";
				TargetAttributes = {
					CD3E2089219E56430074E1EC = {
						CreatedOnToolsVersion = 10.1;
					};
				};
			};
			buildConfigurationList = CD3E2085219E56430074E1EC /* Build configuration list for PBXProject "Manage Myself" */;
			compatibilityVersion = "Xcode 9.3";
			developmentRegion = en;
			hasScannedForEncodings = 0;
			knownRegions = (
				en,
				Base,
			);
			mainGroup = CD3E2081219E56430074E1EC;
			productRefGroup = CD3E208B219E56430074E1EC /* Products */;
			projectDirPath = "";
			projectRoot = "";
			targets = (
				CD3E2089219E56430074E1EC /* Manage Myself */,
			);
		};
/* End PBXProject section */

/* Begin PBXResourcesBuildPhase section */
		CD3E2088219E56430074E1EC /* Resources */ = {
			isa = PBXResourcesBuildPhase;
			buildActionMask = 2147483647;
			files = (
				CD3E2098219E56450074E1EC /* LaunchScreen.storyboard in Resources */,
				CD3E2095219E56450074E1EC /* Assets.xcassets in Resources */,
				CD3E2093219E56430074E1EC /* Main.storyboard in Resources */,
				CD73C03F21A11FBA00C58BDB /* FeatureCollectionViewCell.xib in Resources */,
			);
			runOnlyForDeploymentPostprocessing = 0;
		};
/* End PBXResourcesBuildPhase section */

/* Begin PBXSourcesBuildPhase section */
		CD3E2086219E56430074E1EC /* Sources */ = {
			isa = PBXSourcesBuildPhase;
			buildActionMask = 2147483647;
			files = (
				CD73C04221A1217900C58BDB /* UICollectionViewExtensions.swift in Sources */,
				CD3E2090219E56430074E1EC /* ViewController.swift in Sources */,
				CD73C03D21A11FA600C58BDB /* FeatureCollectionView.swift in Sources */,
				CDB701E621A05B81005E36C6 /* DashView.swift in Sources */,
				CD3E208E219E56430074E1EC /* AppDelegate.swift in Sources */,
				CD73C04421A121CA00C58BDB /* FeatureCollectionViewCell.swift in Sources */,
			);
			runOnlyForDeploymentPostprocessing = 0;
		};
/* End PBXSourcesBuildPhase section */

/* Begin PBXVariantGroup section */
		CD3E2091219E56430074E1EC /* Main.storyboard */ = {
			isa = PBXVariantGroup;
			children = (
				CD3E2092219E56430074E1EC /* Base */,
			);
			name = Main.storyboard;
			sourceTree = "<group>";
		};
		CD3E2096219E56450074E1EC /* LaunchScreen.storyboard */ = {
			isa = PBXVariantGroup;
			children = (
				CD3E2097219E56450074E1EC /* Base */,
			);
			name = LaunchScreen.storyboard;
			sourceTree = "<group>";
		};
/* End PBXVariantGroup section */

/* Begin XCBuildConfiguration section */
		CD3E209A219E56450074E1EC /* Debug */ = {
			isa = XCBuildConfiguration;
			buildSettings = {
				ALWAYS_SEARCH_USER_PATHS = NO;
				CLANG_ANALYZER_NONNULL = YES;
				CLANG_ANALYZER_NUMBER_OBJECT_CONVERSION = YES_AGGRESSIVE;
				CLANG_CXX_LANGUAGE_STANDARD = "gnu++14";
				CLANG_CXX_LIBRARY = "libc++";
				CLANG_ENABLE_MODULES = YES;
				CLANG_ENABLE_OBJC_ARC = YES;
				CLANG_ENABLE_OBJC_WEAK = YES;
				CLANG_WARN_BLOCK_CAPTURE_AUTORELEASING = YES;
				CLANG_WARN_BOOL_CONVERSION = YES;
				CLANG_WARN_COMMA = YES;
				CLANG_WARN_CONSTANT_CONVERSION = YES;
				CLANG_WARN_DEPRECATED_OBJC_IMPLEMENTATIONS = YES;
				CLANG_WARN_DIRECT_OBJC_ISA_USAGE = YES_ERROR;
				CLANG_WARN_DOCUMENTATION_COMMENTS = YES;
				CLANG_WARN_EMPTY_BODY = YES;
				CLANG_WARN_ENUM_CONVERSION = YES;
				CLANG_WARN_INFINITE_RECURSION = YES;
				CLANG_WARN_INT_CONVERSION = YES;
				CLANG_WARN_NON_LITERAL_NULL_CONVERSION = YES;
				CLANG_WARN_OBJC_IMPLICIT_RETAIN_SELF = YES;
				CLANG_WARN_OBJC_LITERAL_CONVERSION = YES;
				CLANG_WARN_OBJC_ROOT_CLASS = YES_ERROR;
				CLANG_WARN_RANGE_LOOP_ANALYSIS = YES;
				CLANG_WARN_STRICT_PROTOTYPES = YES;
				CLANG_WARN_SUSPICIOUS_MOVE = YES;
				CLANG_WARN_UNGUARDED_AVAILABILITY = YES_AGGRESSIVE;
				CLANG_WARN_UNREACHABLE_CODE = YES;
				CLANG_WARN__DUPLICATE_METHOD_MATCH = YES;
				CODE_SIGN_IDENTITY = "iPhone Developer";
				COPY_PHASE_STRIP = NO;
				DEBUG_INFORMATION_FORMAT = dwarf;
				ENABLE_STRICT_OBJC_MSGSEND = YES;
				ENABLE_TESTABILITY = YES;
				GCC_C_LANGUAGE_STANDARD = gnu11;
				GCC_DYNAMIC_NO_PIC = NO;
				GCC_NO_COMMON_BLOCKS = YES;
				GCC_OPTIMIZATION_LEVEL = 0;
				GCC_PREPROCESSOR_DEFINITIONS = (
					"DEBUG=1",
					"$(inherited)",
				);
				GCC_WARN_64_TO_32_BIT_CONVERSION = YES;
				GCC_WARN_ABOUT_RETURN_TYPE = YES_ERROR;
				GCC_WARN_UNDECLARED_SELECTOR = YES;
				GCC_WARN_UNINITIALIZED_AUTOS = YES_AGGRESSIVE;
				GCC_WARN_UNUSED_FUNCTION = YES;
				GCC_WARN_UNUSED_VARIABLE = YES;
				IPHONEOS_DEPLOYMENT_TARGET = 12.1;
				MTL_ENABLE_DEBUG_INFO = INCLUDE_SOURCE;
				MTL_FAST_MATH = YES;
				ONLY_ACTIVE_ARCH = YES;
				SDKROOT = iphoneos;
				SWIFT_ACTIVE_COMPILATION_CONDITIONS = DEBUG;
				SWIFT_OPTIMIZATION_LEVEL = "-Onone";
			};
			name = Debug;
		};
		CD3E209B219E56450074E1EC /* Release */ = {
			isa = XCBuildConfiguration;
			buildSettings = {
				ALWAYS_SEARCH_USER_PATHS = NO;
				CLANG_ANALYZER_NONNULL = YES;
				CLANG_ANALYZER_NUMBER_OBJECT_CONVERSION = YES_AGGRESSIVE;
				CLANG_CXX_LANGUAGE_STANDARD = "gnu++14";
				CLANG_CXX_LIBRARY = "libc++";
				CLANG_ENABLE_MODULES = YES;
				CLANG_ENABLE_OBJC_ARC = YES;
				CLANG_ENABLE_OBJC_WEAK = YES;
				CLANG_WARN_BLOCK_CAPTURE_AUTORELEASING = YES;
				CLANG_WARN_BOOL_CONVERSION = YES;
				CLANG_WARN_COMMA = YES;
				CLANG_WARN_CONSTANT_CONVERSION = YES;
				CLANG_WARN_DEPRECATED_OBJC_IMPLEMENTATIONS = YES;
				CLANG_WARN_DIRECT_OBJC_ISA_USAGE = YES_ERROR;
				CLANG_WARN_DOCUMENTATION_COMMENTS = YES;
				CLANG_WARN_EMPTY_BODY = YES;
				CLANG_WARN_ENUM_CONVERSION = YES;
				CLANG_WARN_INFINITE_RECURSION = YES;
				CLANG_WARN_INT_CONVERSION = YES;
				CLANG_WARN_NON_LITERAL_NULL_CONVERSION = YES;
				CLANG_WARN_OBJC_IMPLICIT_RETAIN_SELF = YES;
				CLANG_WARN_OBJC_LITERAL_CONVERSION = YES;
				CLANG_WARN_OBJC_ROOT_CLASS = YES_ERROR;
				CLANG_WARN_RANGE_LOOP_ANALYSIS = YES;
				CLANG_WARN_STRICT_PROTOTYPES = YES;
				CLANG_WARN_SUSPICIOUS_MOVE = YES;
				CLANG_WARN_UNGUARDED_AVAILABILITY = YES_AGGRESSIVE;
				CLANG_WARN_UNREACHABLE_CODE = YES;
				CLANG_WARN__DUPLICATE_METHOD_MATCH = YES;
				CODE_SIGN_IDENTITY = "iPhone Developer";
				COPY_PHASE_STRIP = NO;
				DEBUG_INFORMATION_FORMAT = "dwarf-with-dsym";
				ENABLE_NS_ASSERTIONS = NO;
				ENABLE_STRICT_OBJC_MSGSEND = YES;
				GCC_C_LANGUAGE_STANDARD = gnu11;
				GCC_NO_COMMON_BLOCKS = YES;
				GCC_WARN_64_TO_32_BIT_CONVERSION = YES;
				GCC_WARN_ABOUT_RETURN_TYPE = YES_ERROR;
				GCC_WARN_UNDECLARED_SELECTOR = YES;
				GCC_WARN_UNINITIALIZED_AUTOS = YES_AGGRESSIVE;
				GCC_WARN_UNUSED_FUNCTION = YES;
				GCC_WARN_UNUSED_VARIABLE = YES;
				IPHONEOS_DEPLOYMENT_TARGET = 12.1;
				MTL_ENABLE_DEBUG_INFO = NO;
				MTL_FAST_MATH = YES;
				SDKROOT = iphoneos;
				SWIFT_COMPILATION_MODE = wholemodule;
				SWIFT_OPTIMIZATION_LEVEL = "-O";
				VALIDATE_PRODUCT = YES;
			};
			name = Release;
		};
		CD3E209D219E56450074E1EC /* Debug */ = {
			isa = XCBuildConfiguration;
			buildSettings = {
				ASSETCATALOG_COMPILER_APPICON_NAME = AppIcon;
				CODE_SIGN_STYLE = Automatic;
				DEVELOPMENT_TEAM = 6T98W5TB24;
				INFOPLIST_FILE = "$(SRCROOT)/Manage Myself/Resources/Info.plist";
				LD_RUNPATH_SEARCH_PATHS = (
					"$(inherited)",
					"@executable_path/Frameworks",
				);
				PRODUCT_BUNDLE_IDENTIFIER = "luudvan.Manage-Myself";
				PRODUCT_NAME = "$(TARGET_NAME)";
				SWIFT_VERSION = 4.2;
				TARGETED_DEVICE_FAMILY = 1;
			};
			name = Debug;
		};
		CD3E209E219E56450074E1EC /* Release */ = {
			isa = XCBuildConfiguration;
			buildSettings = {
				ASSETCATALOG_COMPILER_APPICON_NAME = AppIcon;
				CODE_SIGN_STYLE = Automatic;
				DEVELOPMENT_TEAM = 6T98W5TB24;
				INFOPLIST_FILE = "$(SRCROOT)/Manage Myself/Resources/Info.plist";
				LD_RUNPATH_SEARCH_PATHS = (
					"$(inherited)",
					"@executable_path/Frameworks",
				);
				PRODUCT_BUNDLE_IDENTIFIER = "luudvan.Manage-Myself";
				PRODUCT_NAME = "$(TARGET_NAME)";
				SWIFT_VERSION = 4.2;
				TARGETED_DEVICE_FAMILY = 1;
			};
			name = Release;
		};
/* End XCBuildConfiguration section */

/* Begin XCConfigurationList section */
		CD3E2085219E56430074E1EC /* Build configuration list for PBXProject "Manage Myself" */ = {
			isa = XCConfigurationList;
			buildConfigurations = (
				CD3E209A219E56450074E1EC /* Debug */,
				CD3E209B219E56450074E1EC /* Release */,
			);
			defaultConfigurationIsVisible = 0;
			defaultConfigurationName = Release;
		};
		CD3E209C219E56450074E1EC /* Build configuration list for PBXNativeTarget "Manage Myself" */ = {
			isa = XCConfigurationList;
			buildConfigurations = (
				CD3E209D219E56450074E1EC /* Debug */,
				CD3E209E219E56450074E1EC /* Release */,
			);
			defaultConfigurationIsVisible = 0;
			defaultConfigurationName = Release;
		};
/* End XCConfigurationList section */
	};
	rootObject = CD3E2082219E56430074E1EC /* Project object */;
}
